
Microsoft Visual Studio Solution File, Format Version 12.00
# Visual Studio Version 16
VisualStudioVersion = 16.0.32901.82
MinimumVisualStudioVersion = 10.0.40219.1
Project("{FAE04EC0-301F-11D3-BF4B-00C04F79EFBC}") = "app-web-backend", "app-web-backend\app-web-backend.csproj", "{214F7242-54A2-4963-A87D-AF83C0E843B2}"
EndProject
Global
	GlobalSection(SolutionConfigurationPlatforms) = preSolution
		Debug|Any CPU = Debug|Any CPU
		Release|Any CPU = Release|Any CPU
	EndGlobalSection
	GlobalSection(ProjectConfigurationPlatforms) = postSolution
		{214F7242-54A2-4963-A87D-AF83C0E843B2}.Debug|Any CPU.ActiveCfg = Debug|Any CPU
		{214F7242-54A2-4963-A87D-AF83C0E843B2}.Debug|Any CPU.Build.0 = Debug|Any CPU
		{214F7242-54A2-4963-A87D-AF83C0E843B2}.Release|Any CPU.ActiveCfg = Release|Any CPU
		{214F7242-54A2-4963-A87D-AF83C0E843B2}.Release|Any CPU.Build.0 = Release|Any CPU
	EndGlobalSection
	GlobalSection(SolutionProperties) = preSolution
		HideSolutionNode = FALSE
	EndGlobalSection
	GlobalSection(ExtensibilityGlobals) = postSolution
		SolutionGuid = {892AEC01-4810-412A-80EE-DB30E0ACC612}
	EndGlobalSection
EndGlobal
